
Microsoft Visual Studio Solution File, Format Version 12.00
# Visual Studio 15
VisualStudioVersion = 15.0.28307.705
MinimumVisualStudioVersion = 10.0.40219.1
Project("{FAE04EC0-301F-11D3-BF4B-00C04F79EFBC}") = "AddressBook", "AddressBook\AddressBook.csproj", "{A14661AD-F7B0-4A32-92C9-787FAEE90B68}"
EndProject
Global
	GlobalSection(SolutionConfigurationPlatforms) = preSolution
		Debug|Any CPU = Debug|Any CPU
		Release|Any CPU = Release|Any CPU
	EndGlobalSection
	GlobalSection(ProjectConfigurationPlatforms) = postSolution
		{A14661AD-F7B0-4A32-92C9-787FAEE90B68}.Debug|Any CPU.ActiveCfg = Debug|Any CPU
		{A14661AD-F7B0-4A32-92C9-787FAEE90B68}.Debug|Any CPU.Build.0 = Debug|Any CPU
		{A14661AD-F7B0-4A32-92C9-787FAEE90B68}.Release|Any CPU.ActiveCfg = Release|Any CPU
		{A14661AD-F7B0-4A32-92C9-787FAEE90B68}.Release|Any CPU.Build.0 = Release|Any CPU
	EndGlobalSection
	GlobalSection(SolutionProperties) = preSolution
		HideSolutionNode = FALSE
	EndGlobalSection
	GlobalSection(ExtensibilityGlobals) = postSolution
		SolutionGuid = {3693B478-E0A0-4D8C-98E3-6C3F61739885}
	EndGlobalSection
EndGlobal
