
Microsoft Visual Studio Solution File, Format Version 12.00
# Visual Studio Version 16
VisualStudioVersion = 16.0.29020.237
MinimumVisualStudioVersion = 10.0.40219.1
Project("{FAE04EC0-301F-11D3-BF4B-00C04F79EFBC}") = "OnlineCarRental", "OnlineCarRental\OnlineCarRental.csproj", "{86F28D12-0F3A-490F-B847-FF9E95CCB609}"
EndProject
Global
	GlobalSection(SolutionConfigurationPlatforms) = preSolution
		Debug|Any CPU = Debug|Any CPU
		Release|Any CPU = Release|Any CPU
	EndGlobalSection
	GlobalSection(ProjectConfigurationPlatforms) = postSolution
		{86F28D12-0F3A-490F-B847-FF9E95CCB609}.Debug|Any CPU.ActiveCfg = Debug|Any CPU
		{86F28D12-0F3A-490F-B847-FF9E95CCB609}.Debug|Any CPU.Build.0 = Debug|Any CPU
		{86F28D12-0F3A-490F-B847-FF9E95CCB609}.Release|Any CPU.ActiveCfg = Release|Any CPU
		{86F28D12-0F3A-490F-B847-FF9E95CCB609}.Release|Any CPU.Build.0 = Release|Any CPU
	EndGlobalSection
	GlobalSection(SolutionProperties) = preSolution
		HideSolutionNode = FALSE
	EndGlobalSection
	GlobalSection(ExtensibilityGlobals) = postSolution
		SolutionGuid = {642ADD33-7A56-4A8F-B8EE-EE7BFAB0A290}
	EndGlobalSection
EndGlobal
